{
  "name": "hermes-task-runner",
  "version": "0.1.0",
  "lockfileVersion": 3,
  "requires": true,
  "packages": {
    "": {
      "name": "hermes-task-runner",
      "version": "0.1.0",
      "bin": {
        "htask": "bin/htask.mjs"
      },
      "engines": {
        "node": ">=24"
      }
    }
  }
}
